
Microsoft Visual Studio Solution File, Format Version 12.00
# Visual Studio Version 17
VisualStudioVersion = 17.10.34928.147
MinimumVisualStudioVersion = 10.0.40219.1
Project("{FAE04EC0-301F-11D3-BF4B-00C04F79EFBC}") = "SeleniumCSharpTests", "SeleniumCSharpTests\SeleniumCSharpTests.csproj", "{C051A3F6-F5F5-4D56-81A5-4323F6ED3150}"
EndProject
Global
	GlobalSection(SolutionConfigurationPlatforms) = preSolution
		Debug|Any CPU = Debug|Any CPU
		Release|Any CPU = Release|Any CPU
	EndGlobalSection
	GlobalSection(ProjectConfigurationPlatforms) = postSolution
		{C051A3F6-F5F5-4D56-81A5-4323F6ED3150}.Debug|Any CPU.ActiveCfg = Debug|Any CPU
		{C051A3F6-F5F5-4D56-81A5-4323F6ED3150}.Debug|Any CPU.Build.0 = Debug|Any CPU
		{C051A3F6-F5F5-4D56-81A5-4323F6ED3150}.Release|Any CPU.ActiveCfg = Release|Any CPU
		{C051A3F6-F5F5-4D56-81A5-4323F6ED3150}.Release|Any CPU.Build.0 = Release|Any CPU
	EndGlobalSection
	GlobalSection(SolutionProperties) = preSolution
		HideSolutionNode = FALSE
	EndGlobalSection
	GlobalSection(ExtensibilityGlobals) = postSolution
		SolutionGuid = {CD362C6E-C5F2-49B4-B126-1A665C7E3295}
	EndGlobalSection
EndGlobal
